
Microsoft Visual Studio Solution File, Format Version 12.00
# Visual Studio Version 16
VisualStudioVersion = 16.0.30611.23
MinimumVisualStudioVersion = 10.0.40219.1
Project("{9A19103F-16F7-4668-BE54-9A1E7A4F7556}") = "BarberShop.Service", "BarberShop.Service\BarberShop.Service.csproj", "{A88884C9-0123-4515-B7A7-2DD369644B6E}"
EndProject
Project("{FAE04EC0-301F-11D3-BF4B-00C04F79EFBC}") = "BarberShop.Tests", "BarberShop.Tests\BarberShop.Tests.csproj", "{EF238C09-A5D1-4ED4-8135-01EAC999CD10}"
EndProject
Global
	GlobalSection(SolutionConfigurationPlatforms) = preSolution
		Debug|Any CPU = Debug|Any CPU
		Release|Any CPU = Release|Any CPU
	EndGlobalSection
	GlobalSection(ProjectConfigurationPlatforms) = postSolution
		{A88884C9-0123-4515-B7A7-2DD369644B6E}.Debug|Any CPU.ActiveCfg = Debug|Any CPU
		{A88884C9-0123-4515-B7A7-2DD369644B6E}.Debug|Any CPU.Build.0 = Debug|Any CPU
		{A88884C9-0123-4515-B7A7-2DD369644B6E}.Release|Any CPU.ActiveCfg = Release|Any CPU
		{A88884C9-0123-4515-B7A7-2DD369644B6E}.Release|Any CPU.Build.0 = Release|Any CPU
		{EF238C09-A5D1-4ED4-8135-01EAC999CD10}.Debug|Any CPU.ActiveCfg = Debug|Any CPU
		{EF238C09-A5D1-4ED4-8135-01EAC999CD10}.Debug|Any CPU.Build.0 = Debug|Any CPU
		{EF238C09-A5D1-4ED4-8135-01EAC999CD10}.Release|Any CPU.ActiveCfg = Release|Any CPU
		{EF238C09-A5D1-4ED4-8135-01EAC999CD10}.Release|Any CPU.Build.0 = Release|Any CPU
	EndGlobalSection
	GlobalSection(SolutionProperties) = preSolution
		HideSolutionNode = FALSE
	EndGlobalSection
	GlobalSection(ExtensibilityGlobals) = postSolution
		SolutionGuid = {2B28E9EF-6E25-4581-952E-DBB10B1E925A}
	EndGlobalSection
EndGlobal
